
Microsoft Visual Studio Solution File, Format Version 12.00
# Visual Studio Version 16
VisualStudioVersion = 16.0.31112.23
MinimumVisualStudioVersion = 10.0.40219.1
Project("{2150E333-8FDC-42A3-9474-1A3956D46DE8}") = "Services", "Services", "{BBD9B5D0-6C08-4C66-8B2F-F95105C34420}"
EndProject
Project("{2150E333-8FDC-42A3-9474-1A3956D46DE8}") = "Tests", "Tests", "{9E66E9B4-C0F8-4878-8FC8-D36F38108DF6}"
EndProject
Project("{9A19103F-16F7-4668-BE54-9A1E7A4F7556}") = "FidelizeDotz.Services.Api", "Services\FidelizeDotz.Services.Api\FidelizeDotz.Services.Api.csproj", "{7662EE7B-F4C0-42EE-ABFE-5F1B42A5A35F}"
EndProject
Project("{9A19103F-16F7-4668-BE54-9A1E7A4F7556}") = "Tests", "Tests\Tests.csproj", "{7117DAD9-979C-4FAE-A781-ED3A4936FC38}"
EndProject
Global
	GlobalSection(SolutionConfigurationPlatforms) = preSolution
		Debug|Any CPU = Debug|Any CPU
		Release|Any CPU = Release|Any CPU
	EndGlobalSection
	GlobalSection(ProjectConfigurationPlatforms) = postSolution
		{7662EE7B-F4C0-42EE-ABFE-5F1B42A5A35F}.Debug|Any CPU.ActiveCfg = Debug|Any CPU
		{7662EE7B-F4C0-42EE-ABFE-5F1B42A5A35F}.Debug|Any CPU.Build.0 = Debug|Any CPU
		{7662EE7B-F4C0-42EE-ABFE-5F1B42A5A35F}.Release|Any CPU.ActiveCfg = Release|Any CPU
		{7662EE7B-F4C0-42EE-ABFE-5F1B42A5A35F}.Release|Any CPU.Build.0 = Release|Any CPU
		{7117DAD9-979C-4FAE-A781-ED3A4936FC38}.Debug|Any CPU.ActiveCfg = Debug|Any CPU
		{7117DAD9-979C-4FAE-A781-ED3A4936FC38}.Debug|Any CPU.Build.0 = Debug|Any CPU
		{7117DAD9-979C-4FAE-A781-ED3A4936FC38}.Release|Any CPU.ActiveCfg = Release|Any CPU
		{7117DAD9-979C-4FAE-A781-ED3A4936FC38}.Release|Any CPU.Build.0 = Release|Any CPU
	EndGlobalSection
	GlobalSection(SolutionProperties) = preSolution
		HideSolutionNode = FALSE
	EndGlobalSection
	GlobalSection(NestedProjects) = preSolution
		{7662EE7B-F4C0-42EE-ABFE-5F1B42A5A35F} = {BBD9B5D0-6C08-4C66-8B2F-F95105C34420}
		{7117DAD9-979C-4FAE-A781-ED3A4936FC38} = {9E66E9B4-C0F8-4878-8FC8-D36F38108DF6}
	EndGlobalSection
	GlobalSection(ExtensibilityGlobals) = postSolution
		SolutionGuid = {ED1D6C71-2E6A-444E-A1B4-E5F34807F61C}
	EndGlobalSection
EndGlobal
